
Microsoft Visual Studio Solution File, Format Version 12.00
# Visual Studio 15
VisualStudioVersion = 15.0.26124.0
MinimumVisualStudioVersion = 15.0.26124.0
Project("{2150E333-8FDC-42A3-9474-1A3956D46DE8}") = "src", "src", "{2BA85B2A-D789-4435-BF89-62CA475D7939}"
EndProject
Project("{FAE04EC0-301F-11D3-BF4B-00C04F79EFBC}") = "Dict.Models", "src\Dict.Models\Dict.Models.csproj", "{32515D34-1D5F-419A-B80E-2462B365A8D1}"
EndProject
Project("{FAE04EC0-301F-11D3-BF4B-00C04F79EFBC}") = "Dict.Srv", "src\Dict.Srv\Dict.Srv.csproj", "{006278F8-59AF-47ED-89FA-636F372A749B}"
EndProject
Project("{FAE04EC0-301F-11D3-BF4B-00C04F79EFBC}") = "Dict.Tools", "src\Dict.Tools\Dict.Tools.csproj", "{E05F7A79-12F9-4BC6-A725-2B25388740F7}"
EndProject
Project("{FAE04EC0-301F-11D3-BF4B-00C04F79EFBC}") = "Dict.WordNet", "src\Dict.WordNet\Dict.WordNet.csproj", "{9C77577E-2720-4536-B9FA-65038C28AFBD}"
EndProject
Global
	GlobalSection(SolutionConfigurationPlatforms) = preSolution
		Debug|Any CPU = Debug|Any CPU
		Debug|x64 = Debug|x64
		Debug|x86 = Debug|x86
		Release|Any CPU = Release|Any CPU
		Release|x64 = Release|x64
		Release|x86 = Release|x86
	EndGlobalSection
	GlobalSection(SolutionProperties) = preSolution
		HideSolutionNode = FALSE
	EndGlobalSection
	GlobalSection(ProjectConfigurationPlatforms) = postSolution
		{32515D34-1D5F-419A-B80E-2462B365A8D1}.Debug|Any CPU.ActiveCfg = Debug|Any CPU
		{32515D34-1D5F-419A-B80E-2462B365A8D1}.Debug|Any CPU.Build.0 = Debug|Any CPU
		{32515D34-1D5F-419A-B80E-2462B365A8D1}.Debug|x64.ActiveCfg = Debug|x64
		{32515D34-1D5F-419A-B80E-2462B365A8D1}.Debug|x64.Build.0 = Debug|x64
		{32515D34-1D5F-419A-B80E-2462B365A8D1}.Debug|x86.ActiveCfg = Debug|x86
		{32515D34-1D5F-419A-B80E-2462B365A8D1}.Debug|x86.Build.0 = Debug|x86
		{32515D34-1D5F-419A-B80E-2462B365A8D1}.Release|Any CPU.ActiveCfg = Release|Any CPU
		{32515D34-1D5F-419A-B80E-2462B365A8D1}.Release|Any CPU.Build.0 = Release|Any CPU
		{32515D34-1D5F-419A-B80E-2462B365A8D1}.Release|x64.ActiveCfg = Release|x64
		{32515D34-1D5F-419A-B80E-2462B365A8D1}.Release|x64.Build.0 = Release|x64
		{32515D34-1D5F-419A-B80E-2462B365A8D1}.Release|x86.ActiveCfg = Release|x86
		{32515D34-1D5F-419A-B80E-2462B365A8D1}.Release|x86.Build.0 = Release|x86
		{006278F8-59AF-47ED-89FA-636F372A749B}.Debug|Any CPU.ActiveCfg = Debug|Any CPU
		{006278F8-59AF-47ED-89FA-636F372A749B}.Debug|Any CPU.Build.0 = Debug|Any CPU
		{006278F8-59AF-47ED-89FA-636F372A749B}.Debug|x64.ActiveCfg = Debug|x64
		{006278F8-59AF-47ED-89FA-636F372A749B}.Debug|x64.Build.0 = Debug|x64
		{006278F8-59AF-47ED-89FA-636F372A749B}.Debug|x86.ActiveCfg = Debug|x86
		{006278F8-59AF-47ED-89FA-636F372A749B}.Debug|x86.Build.0 = Debug|x86
		{006278F8-59AF-47ED-89FA-636F372A749B}.Release|Any CPU.ActiveCfg = Release|Any CPU
		{006278F8-59AF-47ED-89FA-636F372A749B}.Release|Any CPU.Build.0 = Release|Any CPU
		{006278F8-59AF-47ED-89FA-636F372A749B}.Release|x64.ActiveCfg = Release|x64
		{006278F8-59AF-47ED-89FA-636F372A749B}.Release|x64.Build.0 = Release|x64
		{006278F8-59AF-47ED-89FA-636F372A749B}.Release|x86.ActiveCfg = Release|x86
		{006278F8-59AF-47ED-89FA-636F372A749B}.Release|x86.Build.0 = Release|x86
		{E05F7A79-12F9-4BC6-A725-2B25388740F7}.Debug|Any CPU.ActiveCfg = Debug|Any CPU
		{E05F7A79-12F9-4BC6-A725-2B25388740F7}.Debug|Any CPU.Build.0 = Debug|Any CPU
		{E05F7A79-12F9-4BC6-A725-2B25388740F7}.Debug|x64.ActiveCfg = Debug|x64
		{E05F7A79-12F9-4BC6-A725-2B25388740F7}.Debug|x64.Build.0 = Debug|x64
		{E05F7A79-12F9-4BC6-A725-2B25388740F7}.Debug|x86.ActiveCfg = Debug|x86
		{E05F7A79-12F9-4BC6-A725-2B25388740F7}.Debug|x86.Build.0 = Debug|x86
		{E05F7A79-12F9-4BC6-A725-2B25388740F7}.Release|Any CPU.ActiveCfg = Release|Any CPU
		{E05F7A79-12F9-4BC6-A725-2B25388740F7}.Release|Any CPU.Build.0 = Release|Any CPU
		{E05F7A79-12F9-4BC6-A725-2B25388740F7}.Release|x64.ActiveCfg = Release|x64
		{E05F7A79-12F9-4BC6-A725-2B25388740F7}.Release|x64.Build.0 = Release|x64
		{E05F7A79-12F9-4BC6-A725-2B25388740F7}.Release|x86.ActiveCfg = Release|x86
		{E05F7A79-12F9-4BC6-A725-2B25388740F7}.Release|x86.Build.0 = Release|x86
		{9C77577E-2720-4536-B9FA-65038C28AFBD}.Debug|Any CPU.ActiveCfg = Debug|Any CPU
		{9C77577E-2720-4536-B9FA-65038C28AFBD}.Debug|Any CPU.Build.0 = Debug|Any CPU
		{9C77577E-2720-4536-B9FA-65038C28AFBD}.Debug|x64.ActiveCfg = Debug|x64
		{9C77577E-2720-4536-B9FA-65038C28AFBD}.Debug|x64.Build.0 = Debug|x64
		{9C77577E-2720-4536-B9FA-65038C28AFBD}.Debug|x86.ActiveCfg = Debug|x86
		{9C77577E-2720-4536-B9FA-65038C28AFBD}.Debug|x86.Build.0 = Debug|x86
		{9C77577E-2720-4536-B9FA-65038C28AFBD}.Release|Any CPU.ActiveCfg = Release|Any CPU
		{9C77577E-2720-4536-B9FA-65038C28AFBD}.Release|Any CPU.Build.0 = Release|Any CPU
		{9C77577E-2720-4536-B9FA-65038C28AFBD}.Release|x64.ActiveCfg = Release|x64
		{9C77577E-2720-4536-B9FA-65038C28AFBD}.Release|x64.Build.0 = Release|x64
		{9C77577E-2720-4536-B9FA-65038C28AFBD}.Release|x86.ActiveCfg = Release|x86
		{9C77577E-2720-4536-B9FA-65038C28AFBD}.Release|x86.Build.0 = Release|x86
	EndGlobalSection
	GlobalSection(NestedProjects) = preSolution
		{32515D34-1D5F-419A-B80E-2462B365A8D1} = {2BA85B2A-D789-4435-BF89-62CA475D7939}
		{006278F8-59AF-47ED-89FA-636F372A749B} = {2BA85B2A-D789-4435-BF89-62CA475D7939}
		{E05F7A79-12F9-4BC6-A725-2B25388740F7} = {2BA85B2A-D789-4435-BF89-62CA475D7939}
		{9C77577E-2720-4536-B9FA-65038C28AFBD} = {2BA85B2A-D789-4435-BF89-62CA475D7939}
	EndGlobalSection
EndGlobal
